# This file was autogenerated by Stack.
# You should not edit this file by hand.
# For more information, please see the documentation at:
#   https://docs.haskellstack.org/en/stable/lock_files

packages:
- completed:
    hackage: language-lua-0.11.0.1@sha256:b3bdf864965279f830323d5ed7d38073b2687b3a07b7fa73aa13782560f48f89,2919
    pantry-tree:
      size: 3473
      sha256: e4f6fcc91fbde9c6a6e3c9281a51dee49706d5868866695cc09f9bdf031799d4
  original:
    hackage: language-lua-0.11.0.1
- completed:
    hackage: language-python-0.5.6@sha256:ee38764d4e65a080651081a8e762cfc5dcdc36e540fe2a1a1ee8f726cbb5240d,2515
    pantry-tree:
      size: 2000
      sha256: a7f655e31e43d034c7430f532d2f734248340627c41a6998ddbef706159fd2be
  original:
    hackage: language-python-0.5.6
- completed:
    hackage: containers-0.5.11.0@sha256:28ad7337057442f75bc689315ab4ec7bdf5e6b2c39668f306672cecd82c02798,16685
    pantry-tree:
      size: 4849
      sha256: faa4e75922a28f7cfe9920c1d7ab3866b792cefcd29bf79f54cfe3b6b5f57cbf
  original:
    hackage: containers-0.5.11.0
- completed:
    hackage: alex-tools-0.4@sha256:afdbf0da61d79d3a2eded7cbecbcefdd87c5abe3f5ff6298b47c2ff8050f99b7,995
    pantry-tree:
      size: 262
      sha256: 3d2950b44d00c10819efdf3576a14768e3433641f3cc7414cc589552432adb23
  original:
    hackage: alex-tools-0.4
- completed:
    hackage: binary-0.8.7.0@sha256:ae3e6cca723ac55c54bbb3fa771bcf18142bc727afd57818e66d6ee6c8044f12,7705
    pantry-tree:
      size: 1976
      sha256: 35e44b6d3ccf0d56fc5407dc3f0895e74696a66da189afbd65973c95743f5e25
  original:
    hackage: binary-0.8.7.0@sha256:ae3e6cca723ac55c54bbb3fa771bcf18142bc727afd57818e66d6ee6c8044f12,7705
- completed:
    hackage: text-1.2.4.0@sha256:8c24450feb8e3bbb7ea3e17af24ef57e85db077c4bf53e5bcc345b283d1b1d5b,10081
    pantry-tree:
      size: 7457
      sha256: 3437b0a73ce2ae1a81aa8b3438d41a85981c00894cdbee0d6d6d6873046a5d5d
  original:
    hackage: text-1.2.4.0@sha256:8c24450feb8e3bbb7ea3e17af24ef57e85db077c4bf53e5bcc345b283d1b1d5b,10081
- completed:
    cabal-file:
      size: 1213
      sha256: d945d0de10d0b8dff0c77790ba06caec1d56d4ed7b645915e96102dbbdce1d54
    name: generics-mrsop-gdiff
    version: 0.0.0
    git: git@github.com:arianvp/generics-mrsop-gdiff.git
    pantry-tree:
      size: 408
      sha256: aaa1c71954d8dfda5774571a52946032e890c711bc8f6a0de8d7d17d844c5678
    commit: 4c80f8c81084c46dd121106d7a83f9f11381a15a
  original:
    git: git@github.com:arianvp/generics-mrsop-gdiff.git
    commit: 4c80f8c81084c46dd121106d7a83f9f11381a15a
- completed:
    cabal-file:
      size: 1790
      sha256: 5ea5325b02068b5668ab10badd34ae32e4bbeaaf72d87bfe25d581b72ee4837f
    name: generics-mrsop
    version: 2.2.0
    git: git@github.com:VictorCMiraldo/generics-mrsop.git
    pantry-tree:
      size: 2094
      sha256: ca6526ed7b3ac3c90b2bb568891591e066a274cf330bc0b6e01a57e520e1e396
    commit: bf9090b4b93aad8287ea9f80662ecb87afd8d3a1
  original:
    git: git@github.com:VictorCMiraldo/generics-mrsop.git
    commit: bf9090b4b93aad8287ea9f80662ecb87afd8d3a1
- completed:
    cabal-file:
      size: 772
      sha256: eb2d8a7d4c08a9e54f37169c960b7d9bbdec68e6d50db42ed0cc6e4c18393a61
    name: hs-elisp
    version: 0.0.0
    git: git@github.com:VictorCMiraldo/hs-elisp.git
    pantry-tree:
      size: 1898
      sha256: 0b90272dcabdbb28e0033a87773f07e6fe3be11b242b3711dd85086b42dadf74
    commit: 2aa7dbe8786a150d3bc611b86a56cdc8a16b8aa7
  original:
    git: git@github.com:VictorCMiraldo/hs-elisp.git
    commit: 2aa7dbe8786a150d3bc611b86a56cdc8a16b8aa7
snapshots:
- completed:
    size: 523448
    url: https://raw.githubusercontent.com/commercialhaskell/stackage-snapshots/master/lts/14/1.yaml
    sha256: 0045b9bae36c3bb2dd374c29b586389845af1557eea0423958d152fc500d4fbf
  original: lts-14.1
